
Microsoft Visual Studio Solution File, Format Version 12.00
# Visual Studio Version 17
VisualStudioVersion = 17.14.36301.6 d17.14
MinimumVisualStudioVersion = 10.0.40219.1
Project("{FAE04EC0-301F-11D3-BF4B-00C04F79EFBC}") = "SpellCardsDnDGenerator", "SpellCardsDnDGenerator.csproj", "{3E419904-6BCD-4A9C-BFF1-BBC000EDB252}"
EndProject
Global
	GlobalSection(SolutionConfigurationPlatforms) = preSolution
		Debug|Any CPU = Debug|Any CPU
		Release|Any CPU = Release|Any CPU
	EndGlobalSection
	GlobalSection(ProjectConfigurationPlatforms) = postSolution
		{3E419904-6BCD-4A9C-BFF1-BBC000EDB252}.Debug|Any CPU.ActiveCfg = Debug|Any CPU
		{3E419904-6BCD-4A9C-BFF1-BBC000EDB252}.Debug|Any CPU.Build.0 = Debug|Any CPU
		{3E419904-6BCD-4A9C-BFF1-BBC000EDB252}.Release|Any CPU.ActiveCfg = Release|Any CPU
		{3E419904-6BCD-4A9C-BFF1-BBC000EDB252}.Release|Any CPU.Build.0 = Release|Any CPU
	EndGlobalSection
	GlobalSection(SolutionProperties) = preSolution
		HideSolutionNode = FALSE
	EndGlobalSection
	GlobalSection(ExtensibilityGlobals) = postSolution
		SolutionGuid = {1F119335-F6A9-4C2E-905F-E592C96C62B3}
	EndGlobalSection
EndGlobal
